// !$*UTF8*$!
{
	archiveVersion = 1;
	classes = {
	};
	objectVersion = 55;
	objects = {

/* Begin PBXBuildFile section */
		FD3E9756283D0E410071FC05 /* iOS15WidgetKitApp.swift in Sources */ = {isa = PBXBuildFile; fileRef = FD3E9755283D0E410071FC05 /* iOS15WidgetKitApp.swift */; };
		FD3E9758283D0E410071FC05 /* ContentView.swift in Sources */ = {isa = PBXBuildFile; fileRef = FD3E9757283D0E410071FC05 /* ContentView.swift */; };
		FD3E975A283D0E440071FC05 /* Assets.xcassets in Resources */ = {isa = PBXBuildFile; fileRef = FD3E9759283D0E440071FC05 /* Assets.xcassets */; };
		FD3E975D283D0E440071FC05 /* Preview Assets.xcassets in Resources */ = {isa = PBXBuildFile; fileRef = FD3E975C283D0E440071FC05 /* Preview Assets.xcassets */; };
		FD6358E72840F32A006E3795 /* DateTimeTimelineProvider.swift in Sources */ = {isa = PBXBuildFile; fileRef = FD6358E62840F32A006E3795 /* DateTimeTimelineProvider.swift */; };
		FD6358E82840F330006E3795 /* DateTimeEntry.swift in Sources */ = {isa = PBXBuildFile; fileRef = FD6358E42840F22A006E3795 /* DateTimeEntry.swift */; };
		FD6358EA2840F7C2006E3795 /* DateTimeEntryView.swift in Sources */ = {isa = PBXBuildFile; fileRef = FD6358E92840F7C2006E3795 /* DateTimeEntryView.swift */; };
		FD6358EC2840FBF8006E3795 /* DateTimeWidget.swift in Sources */ = {isa = PBXBuildFile; fileRef = FD6358EB2840FBF8006E3795 /* DateTimeWidget.swift */; };
		FD6358EF2840FE3F006E3795 /* MyWidgetsBundle.swift in Sources */ = {isa = PBXBuildFile; fileRef = FD6358EE2840FE3F006E3795 /* MyWidgetsBundle.swift */; };
		FDE5EF58283E60390014A6BA /* WidgetKit.framework in Frameworks */ = {isa = PBXBuildFile; fileRef = FDE5EF57283E60390014A6BA /* WidgetKit.framework */; };
		FDE5EF5A283E60390014A6BA /* SwiftUI.framework in Frameworks */ = {isa = PBXBuildFile; fileRef = FDE5EF59283E60390014A6BA /* SwiftUI.framework */; };
		FDE5EF5D283E60390014A6BA /* HelloWidget.swift in Sources */ = {isa = PBXBuildFile; fileRef = FDE5EF5C283E60390014A6BA /* HelloWidget.swift */; };
		FDE5EF5F283E603C0014A6BA /* Assets.xcassets in Resources */ = {isa = PBXBuildFile; fileRef = FDE5EF5E283E603C0014A6BA /* Assets.xcassets */; };
		FDE5EF63283E603C0014A6BA /* HelloWidgetExtension.appex in Embed App Extensions */ = {isa = PBXBuildFile; fileRef = FDE5EF55283E60390014A6BA /* HelloWidgetExtension.appex */; settings = {ATTRIBUTES = (RemoveHeadersOnCopy, ); }; };
		FDE5EF69283E629C0014A6BA /* HelloWidgetEntry.swift in Sources */ = {isa = PBXBuildFile; fileRef = FDE5EF68283E629C0014A6BA /* HelloWidgetEntry.swift */; };
		FDE5EF6B283E66500014A6BA /* HelloWidgetTimelineProvider.swift in Sources */ = {isa = PBXBuildFile; fileRef = FDE5EF6A283E66500014A6BA /* HelloWidgetTimelineProvider.swift */; };
		FDE5EF6D283E6F990014A6BA /* HelloWidgetView.swift in Sources */ = {isa = PBXBuildFile; fileRef = FDE5EF6C283E6F990014A6BA /* HelloWidgetView.swift */; };
/* End PBXBuildFile section */

/* Begin PBXContainerItemProxy section */
		FDE5EF61283E603C0014A6BA /* PBXContainerItemProxy */ = {
			isa = PBXContainerItemProxy;
			containerPortal = FD3E974A283D0E410071FC05 /* Project object */;
			proxyType = 1;
			remoteGlobalIDString = FDE5EF54283E60390014A6BA;
			remoteInfo = HelloWidgetExtension;
		};
/* End PBXContainerItemProxy section */

/* Begin PBXCopyFilesBuildPhase section */
		FDE5EF64283E603C0014A6BA /* Embed App Extensions */ = {
			isa = PBXCopyFilesBuildPhase;
			buildActionMask = 2147483647;
			dstPath = "";
			dstSubfolderSpec = 13;
			files = (
				FDE5EF63283E603C0014A6BA /* HelloWidgetExtension.appex in Embed App Extensions */,
			);
			name = "Embed App Extensions";
			runOnlyForDeploymentPostprocessing = 0;
		};
/* End PBXCopyFilesBuildPhase section */

/* Begin PBXFileReference section */
		FD3E9752283D0E410071FC05 /* iOS15WidgetKit.app */ = {isa = PBXFileReference; explicitFileType = wrapper.application; includeInIndex = 0; path = iOS15WidgetKit.app; sourceTree = BUILT_PRODUCTS_DIR; };
		FD3E9755283D0E410071FC05 /* iOS15WidgetKitApp.swift */ = {isa = PBXFileReference; lastKnownFileType = sourcecode.swift; path = iOS15WidgetKitApp.swift; sourceTree = "<group>"; };
		FD3E9757283D0E410071FC05 /* ContentView.swift */ = {isa = PBXFileReference; lastKnownFileType = sourcecode.swift; path = ContentView.swift; sourceTree = "<group>"; };
		FD3E9759283D0E440071FC05 /* Assets.xcassets */ = {isa = PBXFileReference; lastKnownFileType = folder.assetcatalog; path = Assets.xcassets; sourceTree = "<group>"; };
		FD3E975C283D0E440071FC05 /* Preview Assets.xcassets */ = {isa = PBXFileReference; lastKnownFileType = folder.assetcatalog; path = "Preview Assets.xcassets"; sourceTree = "<group>"; };
		FD6358E42840F22A006E3795 /* DateTimeEntry.swift */ = {isa = PBXFileReference; lastKnownFileType = sourcecode.swift; path = DateTimeEntry.swift; sourceTree = "<group>"; };
		FD6358E62840F32A006E3795 /* DateTimeTimelineProvider.swift */ = {isa = PBXFileReference; lastKnownFileType = sourcecode.swift; name = DateTimeTimelineProvider.swift; path = ../../DateTimeTimelineProvider.swift; sourceTree = "<group>"; };
		FD6358E92840F7C2006E3795 /* DateTimeEntryView.swift */ = {isa = PBXFileReference; lastKnownFileType = sourcecode.swift; path = DateTimeEntryView.swift; sourceTree = "<group>"; };
		FD6358EB2840FBF8006E3795 /* DateTimeWidget.swift */ = {isa = PBXFileReference; lastKnownFileType = sourcecode.swift; path = DateTimeWidget.swift; sourceTree = "<group>"; };
		FD6358EE2840FE3F006E3795 /* MyWidgetsBundle.swift */ = {isa = PBXFileReference; lastKnownFileType = sourcecode.swift; path = MyWidgetsBundle.swift; sourceTree = "<group>"; };
		FDE5EF55283E60390014A6BA /* HelloWidgetExtension.appex */ = {isa = PBXFileReference; explicitFileType = "wrapper.app-extension"; includeInIndex = 0; path = HelloWidgetExtension.appex; sourceTree = BUILT_PRODUCTS_DIR; };
		FDE5EF57283E60390014A6BA /* WidgetKit.framework */ = {isa = PBXFileReference; lastKnownFileType = wrapper.framework; name = WidgetKit.framework; path = System/Library/Frameworks/WidgetKit.framework; sourceTree = SDKROOT; };
		FDE5EF59283E60390014A6BA /* SwiftUI.framework */ = {isa = PBXFileReference; lastKnownFileType = wrapper.framework; name = SwiftUI.framework; path = System/Library/Frameworks/SwiftUI.framework; sourceTree = SDKROOT; };
		FDE5EF5C283E60390014A6BA /* HelloWidget.swift */ = {isa = PBXFileReference; lastKnownFileType = sourcecode.swift; path = HelloWidget.swift; sourceTree = "<group>"; };
		FDE5EF5E283E603C0014A6BA /* Assets.xcassets */ = {isa = PBXFileReference; lastKnownFileType = folder.assetcatalog; path = Assets.xcassets; sourceTree = "<group>"; };
		FDE5EF60283E603C0014A6BA /* Info.plist */ = {isa = PBXFileReference; lastKnownFileType = text.plist.xml; path = Info.plist; sourceTree = "<group>"; };
		FDE5EF68283E629C0014A6BA /* HelloWidgetEntry.swift */ = {isa = PBXFileReference; lastKnownFileType = sourcecode.swift; path = HelloWidgetEntry.swift; sourceTree = "<group>"; };
		FDE5EF6A283E66500014A6BA /* HelloWidgetTimelineProvider.swift */ = {isa = PBXFileReference; lastKnownFileType = sourcecode.swift; path = HelloWidgetTimelineProvider.swift; sourceTree = "<group>"; };
		FDE5EF6C283E6F990014A6BA /* HelloWidgetView.swift */ = {isa = PBXFileReference; lastKnownFileType = sourcecode.swift; path = HelloWidgetView.swift; sourceTree = "<group>"; };
/* End PBXFileReference section */

/* Begin PBXFrameworksBuildPhase section */
		FD3E974F283D0E410071FC05 /* Frameworks */ = {
			isa = PBXFrameworksBuildPhase;
			buildActionMask = 2147483647;
			files = (
			);
			runOnlyForDeploymentPostprocessing = 0;
		};
		FDE5EF52283E60390014A6BA /* Frameworks */ = {
			isa = PBXFrameworksBuildPhase;
			buildActionMask = 2147483647;
			files = (
				FDE5EF5A283E60390014A6BA /* SwiftUI.framework in Frameworks */,
				FDE5EF58283E60390014A6BA /* WidgetKit.framework in Frameworks */,
			);
			runOnlyForDeploymentPostprocessing = 0;
		};
/* End PBXFrameworksBuildPhase section */

/* Begin PBXGroup section */
		FD3E9749283D0E410071FC05 = {
			isa = PBXGroup;
			children = (
				FD3E9754283D0E410071FC05 /* iOS15WidgetKit */,
				FD6358ED2840FE12006E3795 /* WidgetGroup */,
				FDE5EF5B283E60390014A6BA /* HelloWidget */,
				FD6358E32840F1D7006E3795 /* DateTimeWidget */,
				FDE5EF56283E60390014A6BA /* Frameworks */,
				FD3E9753283D0E410071FC05 /* Products */,
			);
			sourceTree = "<group>";
		};
		FD3E9753283D0E410071FC05 /* Products */ = {
			isa = PBXGroup;
			children = (
				FD3E9752283D0E410071FC05 /* iOS15WidgetKit.app */,
				FDE5EF55283E60390014A6BA /* HelloWidgetExtension.appex */,
			);
			name = Products;
			sourceTree = "<group>";
		};
		FD3E9754283D0E410071FC05 /* iOS15WidgetKit */ = {
			isa = PBXGroup;
			children = (
				FD3E9755283D0E410071FC05 /* iOS15WidgetKitApp.swift */,
				FD3E9757283D0E410071FC05 /* ContentView.swift */,
				FD3E9759283D0E440071FC05 /* Assets.xcassets */,
				FD3E975B283D0E440071FC05 /* Preview Content */,
			);
			path = iOS15WidgetKit;
			sourceTree = "<group>";
		};
		FD3E975B283D0E440071FC05 /* Preview Content */ = {
			isa = PBXGroup;
			children = (
				FD3E975C283D0E440071FC05 /* Preview Assets.xcassets */,
			);
			path = "Preview Content";
			sourceTree = "<group>";
		};
		FD6358E32840F1D7006E3795 /* DateTimeWidget */ = {
			isa = PBXGroup;
			children = (
				FD6358E42840F22A006E3795 /* DateTimeEntry.swift */,
				FD6358E62840F32A006E3795 /* DateTimeTimelineProvider.swift */,
				FD6358E92840F7C2006E3795 /* DateTimeEntryView.swift */,
				FD6358EB2840FBF8006E3795 /* DateTimeWidget.swift */,
			);
			path = DateTimeWidget;
			sourceTree = "<group>";
		};
		FD6358ED2840FE12006E3795 /* WidgetGroup */ = {
			isa = PBXGroup;
			children = (
				FD6358EE2840FE3F006E3795 /* MyWidgetsBundle.swift */,
			);
			path = WidgetGroup;
			sourceTree = "<group>";
		};
		FDE5EF56283E60390014A6BA /* Frameworks */ = {
			isa = PBXGroup;
			children = (
				FDE5EF57283E60390014A6BA /* WidgetKit.framework */,
				FDE5EF59283E60390014A6BA /* SwiftUI.framework */,
			);
			name = Frameworks;
			sourceTree = "<group>";
		};
		FDE5EF5B283E60390014A6BA /* HelloWidget */ = {
			isa = PBXGroup;
			children = (
				FDE5EF68283E629C0014A6BA /* HelloWidgetEntry.swift */,
				FDE5EF6A283E66500014A6BA /* HelloWidgetTimelineProvider.swift */,
				FDE5EF6C283E6F990014A6BA /* HelloWidgetView.swift */,
				FDE5EF5C283E60390014A6BA /* HelloWidget.swift */,
				FDE5EF5E283E603C0014A6BA /* Assets.xcassets */,
				FDE5EF60283E603C0014A6BA /* Info.plist */,
			);
			path = HelloWidget;
			sourceTree = "<group>";
		};
/* End PBXGroup section */

/* Begin PBXNativeTarget section */
		FD3E9751283D0E410071FC05 /* iOS15WidgetKit */ = {
			isa = PBXNativeTarget;
			buildConfigurationList = FD3E9760283D0E440071FC05 /* Build configuration list for PBXNativeTarget "iOS15WidgetKit" */;
			buildPhases = (
				FD3E974E283D0E410071FC05 /* Sources */,
				FD3E974F283D0E410071FC05 /* Frameworks */,
				FD3E9750283D0E410071FC05 /* Resources */,
				FDE5EF64283E603C0014A6BA /* Embed App Extensions */,
			);
			buildRules = (
			);
			dependencies = (
				FDE5EF62283E603C0014A6BA /* PBXTargetDependency */,
			);
			name = iOS15WidgetKit;
			productName = iOS15WidgetKit;
			productReference = FD3E9752283D0E410071FC05 /* iOS15WidgetKit.app */;
			productType = "com.apple.product-type.application";
		};
		FDE5EF54283E60390014A6BA /* HelloWidgetExtension */ = {
			isa = PBXNativeTarget;
			buildConfigurationList = FDE5EF67283E603C0014A6BA /* Build configuration list for PBXNativeTarget "HelloWidgetExtension" */;
			buildPhases = (
				FDE5EF51283E60390014A6BA /* Sources */,
				FDE5EF52283E60390014A6BA /* Frameworks */,
				FDE5EF53283E60390014A6BA /* Resources */,
			);
			buildRules = (
			);
			dependencies = (
			);
			name = HelloWidgetExtension;
			productName = HelloWidgetExtension;
			productReference = FDE5EF55283E60390014A6BA /* HelloWidgetExtension.appex */;
			productType = "com.apple.product-type.app-extension";
		};
/* End PBXNativeTarget section */

/* Begin PBXProject section */
		FD3E974A283D0E410071FC05 /* Project object */ = {
			isa = PBXProject;
			attributes = {
				BuildIndependentTargetsInParallel = 1;
				LastSwiftUpdateCheck = 1330;
				LastUpgradeCheck = 1330;
				TargetAttributes = {
					FD3E9751283D0E410071FC05 = {
						CreatedOnToolsVersion = 13.3.1;
					};
					FDE5EF54283E60390014A6BA = {
						CreatedOnToolsVersion = 13.3.1;
					};
				};
			};
			buildConfigurationList = FD3E974D283D0E410071FC05 /* Build configuration list for PBXProject "iOS15WidgetKit" */;
			compatibilityVersion = "Xcode 13.0";
			developmentRegion = en;
			hasScannedForEncodings = 0;
			knownRegions = (
				en,
				Base,
			);
			mainGroup = FD3E9749283D0E410071FC05;
			productRefGroup = FD3E9753283D0E410071FC05 /* Products */;
			projectDirPath = "";
			projectRoot = "";
			targets = (
				FD3E9751283D0E410071FC05 /* iOS15WidgetKit */,
				FDE5EF54283E60390014A6BA /* HelloWidgetExtension */,
			);
		};
/* End PBXProject section */

/* Begin PBXResourcesBuildPhase section */
		FD3E9750283D0E410071FC05 /* Resources */ = {
			isa = PBXResourcesBuildPhase;
			buildActionMask = 2147483647;
			files = (
				FD3E975D283D0E440071FC05 /* Preview Assets.xcassets in Resources */,
				FD3E975A283D0E440071FC05 /* Assets.xcassets in Resources */,
			);
			runOnlyForDeploymentPostprocessing = 0;
		};
		FDE5EF53283E60390014A6BA /* Resources */ = {
			isa = PBXResourcesBuildPhase;
			buildActionMask = 2147483647;
			files = (
				FDE5EF5F283E603C0014A6BA /* Assets.xcassets in Resources */,
			);
			runOnlyForDeploymentPostprocessing = 0;
		};
/* End PBXResourcesBuildPhase section */

/* Begin PBXSourcesBuildPhase section */
		FD3E974E283D0E410071FC05 /* Sources */ = {
			isa = PBXSourcesBuildPhase;
			buildActionMask = 2147483647;
			files = (
				FD3E9758283D0E410071FC05 /* ContentView.swift in Sources */,
				FD3E9756283D0E410071FC05 /* iOS15WidgetKitApp.swift in Sources */,
			);
			runOnlyForDeploymentPostprocessing = 0;
		};
		FDE5EF51283E60390014A6BA /* Sources */ = {
			isa = PBXSourcesBuildPhase;
			buildActionMask = 2147483647;
			files = (
				FD6358EC2840FBF8006E3795 /* DateTimeWidget.swift in Sources */,
				FDE5EF6B283E66500014A6BA /* HelloWidgetTimelineProvider.swift in Sources */,
				FD6358E82840F330006E3795 /* DateTimeEntry.swift in Sources */,
				FDE5EF5D283E60390014A6BA /* HelloWidget.swift in Sources */,
				FD6358EF2840FE3F006E3795 /* MyWidgetsBundle.swift in Sources */,
				FD6358E72840F32A006E3795 /* DateTimeTimelineProvider.swift in Sources */,
				FDE5EF69283E629C0014A6BA /* HelloWidgetEntry.swift in Sources */,
				FDE5EF6D283E6F990014A6BA /* HelloWidgetView.swift in Sources */,
				FD6358EA2840F7C2006E3795 /* DateTimeEntryView.swift in Sources */,
			);
			runOnlyForDeploymentPostprocessing = 0;
		};
/* End PBXSourcesBuildPhase section */

/* Begin PBXTargetDependency section */
		FDE5EF62283E603C0014A6BA /* PBXTargetDependency */ = {
			isa = PBXTargetDependency;
			target = FDE5EF54283E60390014A6BA /* HelloWidgetExtension */;
			targetProxy = FDE5EF61283E603C0014A6BA /* PBXContainerItemProxy */;
		};
/* End PBXTargetDependency section */

/* Begin XCBuildConfiguration section */
		FD3E975E283D0E440071FC05 /* Debug */ = {
			isa = XCBuildConfiguration;
			buildSettings = {
				ALWAYS_SEARCH_USER_PATHS = NO;
				CLANG_ANALYZER_NONNULL = YES;
				CLANG_ANALYZER_NUMBER_OBJECT_CONVERSION = YES_AGGRESSIVE;
				CLANG_CXX_LANGUAGE_STANDARD = "gnu++17";
				CLANG_ENABLE_MODULES = YES;
				CLANG_ENABLE_OBJC_ARC = YES;
				CLANG_ENABLE_OBJC_WEAK = YES;
				CLANG_WARN_BLOCK_CAPTURE_AUTORELEASING = YES;
				CLANG_WARN_BOOL_CONVERSION = YES;
				CLANG_WARN_COMMA = YES;
				CLANG_WARN_CONSTANT_CONVERSION = YES;
				CLANG_WARN_DEPRECATED_OBJC_IMPLEMENTATIONS = YES;
				CLANG_WARN_DIRECT_OBJC_ISA_USAGE = YES_ERROR;
				CLANG_WARN_DOCUMENTATION_COMMENTS = YES;
				CLANG_WARN_EMPTY_BODY = YES;
				CLANG_WARN_ENUM_CONVERSION = YES;
				CLANG_WARN_INFINITE_RECURSION = YES;
				CLANG_WARN_INT_CONVERSION = YES;
				CLANG_WARN_NON_LITERAL_NULL_CONVERSION = YES;
				CLANG_WARN_OBJC_IMPLICIT_RETAIN_SELF = YES;
				CLANG_WARN_OBJC_LITERAL_CONVERSION = YES;
				CLANG_WARN_OBJC_ROOT_CLASS = YES_ERROR;
				CLANG_WARN_QUOTED_INCLUDE_IN_FRAMEWORK_HEADER = YES;
				CLANG_WARN_RANGE_LOOP_ANALYSIS = YES;
				CLANG_WARN_STRICT_PROTOTYPES = YES;
				CLANG_WARN_SUSPICIOUS_MOVE = YES;
				CLANG_WARN_UNGUARDED_AVAILABILITY = YES_AGGRESSIVE;
				CLANG_WARN_UNREACHABLE_CODE = YES;
				CLANG_WARN__DUPLICATE_METHOD_MATCH = YES;
				COPY_PHASE_STRIP = NO;
				DEBUG_INFORMATION_FORMAT = dwarf;
				ENABLE_STRICT_OBJC_MSGSEND = YES;
				ENABLE_TESTABILITY = YES;
				GCC_C_LANGUAGE_STANDARD = gnu11;
				GCC_DYNAMIC_NO_PIC = NO;
				GCC_NO_COMMON_BLOCKS = YES;
				GCC_OPTIMIZATION_LEVEL = 0;
				GCC_PREPROCESSOR_DEFINITIONS = (
					"DEBUG=1",
					"$(inherited)",
				);
				GCC_WARN_64_TO_32_BIT_CONVERSION = YES;
				GCC_WARN_ABOUT_RETURN_TYPE = YES_ERROR;
				GCC_WARN_UNDECLARED_SELECTOR = YES;
				GCC_WARN_UNINITIALIZED_AUTOS = YES_AGGRESSIVE;
				GCC_WARN_UNUSED_FUNCTION = YES;
				GCC_WARN_UNUSED_VARIABLE = YES;
				IPHONEOS_DEPLOYMENT_TARGET = 15.4;
				MTL_ENABLE_DEBUG_INFO = INCLUDE_SOURCE;
				MTL_FAST_MATH = YES;
				ONLY_ACTIVE_ARCH = YES;
				SDKROOT = iphoneos;
				SWIFT_ACTIVE_COMPILATION_CONDITIONS = DEBUG;
				SWIFT_OPTIMIZATION_LEVEL = "-Onone";
			};
			name = Debug;
		};
		FD3E975F283D0E440071FC05 /* Release */ = {
			isa = XCBuildConfiguration;
			buildSettings = {
				ALWAYS_SEARCH_USER_PATHS = NO;
				CLANG_ANALYZER_NONNULL = YES;
				CLANG_ANALYZER_NUMBER_OBJECT_CONVERSION = YES_AGGRESSIVE;
				CLANG_CXX_LANGUAGE_STANDARD = "gnu++17";
				CLANG_ENABLE_MODULES = YES;
				CLANG_ENABLE_OBJC_ARC = YES;
				CLANG_ENABLE_OBJC_WEAK = YES;
				CLANG_WARN_BLOCK_CAPTURE_AUTORELEASING = YES;
				CLANG_WARN_BOOL_CONVERSION = YES;
				CLANG_WARN_COMMA = YES;
				CLANG_WARN_CONSTANT_CONVERSION = YES;
				CLANG_WARN_DEPRECATED_OBJC_IMPLEMENTATIONS = YES;
				CLANG_WARN_DIRECT_OBJC_ISA_USAGE = YES_ERROR;
				CLANG_WARN_DOCUMENTATION_COMMENTS = YES;
				CLANG_WARN_EMPTY_BODY = YES;
				CLANG_WARN_ENUM_CONVERSION = YES;
				CLANG_WARN_INFINITE_RECURSION = YES;
				CLANG_WARN_INT_CONVERSION = YES;
				CLANG_WARN_NON_LITERAL_NULL_CONVERSION = YES;
				CLANG_WARN_OBJC_IMPLICIT_RETAIN_SELF = YES;
				CLANG_WARN_OBJC_LITERAL_CONVERSION = YES;
				CLANG_WARN_OBJC_ROOT_CLASS = YES_ERROR;
				CLANG_WARN_QUOTED_INCLUDE_IN_FRAMEWORK_HEADER = YES;
				CLANG_WARN_RANGE_LOOP_ANALYSIS = YES;
				CLANG_WARN_STRICT_PROTOTYPES = YES;
				CLANG_WARN_SUSPICIOUS_MOVE = YES;
				CLANG_WARN_UNGUARDED_AVAILABILITY = YES_AGGRESSIVE;
				CLANG_WARN_UNREACHABLE_CODE = YES;
				CLANG_WARN__DUPLICATE_METHOD_MATCH = YES;
				COPY_PHASE_STRIP = NO;
				DEBUG_INFORMATION_FORMAT = "dwarf-with-dsym";
				ENABLE_NS_ASSERTIONS = NO;
				ENABLE_STRICT_OBJC_MSGSEND = YES;
				GCC_C_LANGUAGE_STANDARD = gnu11;
				GCC_NO_COMMON_BLOCKS = YES;
				GCC_WARN_64_TO_32_BIT_CONVERSION = YES;
				GCC_WARN_ABOUT_RETURN_TYPE = YES_ERROR;
				GCC_WARN_UNDECLARED_SELECTOR = YES;
				GCC_WARN_UNINITIALIZED_AUTOS = YES_AGGRESSIVE;
				GCC_WARN_UNUSED_FUNCTION = YES;
				GCC_WARN_UNUSED_VARIABLE = YES;
				IPHONEOS_DEPLOYMENT_TARGET = 15.4;
				MTL_ENABLE_DEBUG_INFO = NO;
				MTL_FAST_MATH = YES;
				SDKROOT = iphoneos;
				SWIFT_COMPILATION_MODE = wholemodule;
				SWIFT_OPTIMIZATION_LEVEL = "-O";
				VALIDATE_PRODUCT = YES;
			};
			name = Release;
		};
		FD3E9761283D0E440071FC05 /* Debug */ = {
			isa = XCBuildConfiguration;
			buildSettings = {
				ALWAYS_EMBED_SWIFT_STANDARD_LIBRARIES = YES;
				ASSETCATALOG_COMPILER_APPICON_NAME = AppIcon;
				ASSETCATALOG_COMPILER_GLOBAL_ACCENT_COLOR_NAME = AccentColor;
				CODE_SIGN_STYLE = Automatic;
				CURRENT_PROJECT_VERSION = 1;
				DEVELOPMENT_ASSET_PATHS = "\"iOS15WidgetKit/Preview Content\"";
				DEVELOPMENT_TEAM = XP6V4T4UU6;
				ENABLE_PREVIEWS = YES;
				GENERATE_INFOPLIST_FILE = YES;
				INFOPLIST_KEY_UIApplicationSceneManifest_Generation = YES;
				INFOPLIST_KEY_UIApplicationSupportsIndirectInputEvents = YES;
				INFOPLIST_KEY_UILaunchScreen_Generation = YES;
				INFOPLIST_KEY_UISupportedInterfaceOrientations_iPad = "UIInterfaceOrientationPortrait UIInterfaceOrientationPortraitUpsideDown UIInterfaceOrientationLandscapeLeft UIInterfaceOrientationLandscapeRight";
				INFOPLIST_KEY_UISupportedInterfaceOrientations_iPhone = "UIInterfaceOrientationPortrait UIInterfaceOrientationLandscapeLeft UIInterfaceOrientationLandscapeRight";
				LD_RUNPATH_SEARCH_PATHS = (
					"$(inherited)",
					"@executable_path/Frameworks",
				);
				MARKETING_VERSION = 1.0;
				PRODUCT_BUNDLE_IDENTIFIER = com.blacenova.sample.iOS15WidgetKit;
				PRODUCT_NAME = "$(TARGET_NAME)";
				SWIFT_EMIT_LOC_STRINGS = YES;
				SWIFT_VERSION = 5.0;
				TARGETED_DEVICE_FAMILY = "1,2";
			};
			name = Debug;
		};
		FD3E9762283D0E440071FC05 /* Release */ = {
			isa = XCBuildConfiguration;
			buildSettings = {
				ALWAYS_EMBED_SWIFT_STANDARD_LIBRARIES = YES;
				ASSETCATALOG_COMPILER_APPICON_NAME = AppIcon;
				ASSETCATALOG_COMPILER_GLOBAL_ACCENT_COLOR_NAME = AccentColor;
				CODE_SIGN_STYLE = Automatic;
				CURRENT_PROJECT_VERSION = 1;
				DEVELOPMENT_ASSET_PATHS = "\"iOS15WidgetKit/Preview Content\"";
				DEVELOPMENT_TEAM = XP6V4T4UU6;
				ENABLE_PREVIEWS = YES;
				GENERATE_INFOPLIST_FILE = YES;
				INFOPLIST_KEY_UIApplicationSceneManifest_Generation = YES;
				INFOPLIST_KEY_UIApplicationSupportsIndirectInputEvents = YES;
				INFOPLIST_KEY_UILaunchScreen_Generation = YES;
				INFOPLIST_KEY_UISupportedInterfaceOrientations_iPad = "UIInterfaceOrientationPortrait UIInterfaceOrientationPortraitUpsideDown UIInterfaceOrientationLandscapeLeft UIInterfaceOrientationLandscapeRight";
				INFOPLIST_KEY_UISupportedInterfaceOrientations_iPhone = "UIInterfaceOrientationPortrait UIInterfaceOrientationLandscapeLeft UIInterfaceOrientationLandscapeRight";
				LD_RUNPATH_SEARCH_PATHS = (
					"$(inherited)",
					"@executable_path/Frameworks",
				);
				MARKETING_VERSION = 1.0;
				PRODUCT_BUNDLE_IDENTIFIER = com.blacenova.sample.iOS15WidgetKit;
				PRODUCT_NAME = "$(TARGET_NAME)";
				SWIFT_EMIT_LOC_STRINGS = YES;
				SWIFT_VERSION = 5.0;
				TARGETED_DEVICE_FAMILY = "1,2";
			};
			name = Release;
		};
		FDE5EF65283E603C0014A6BA /* Debug */ = {
			isa = XCBuildConfiguration;
			buildSettings = {
				ASSETCATALOG_COMPILER_GLOBAL_ACCENT_COLOR_NAME = AccentColor;
				ASSETCATALOG_COMPILER_WIDGET_BACKGROUND_COLOR_NAME = WidgetBackground;
				CODE_SIGN_STYLE = Automatic;
				CURRENT_PROJECT_VERSION = 1;
				DEVELOPMENT_TEAM = XP6V4T4UU6;
				GENERATE_INFOPLIST_FILE = YES;
				INFOPLIST_FILE = HelloWidget/Info.plist;
				INFOPLIST_KEY_CFBundleDisplayName = HelloWidget;
				INFOPLIST_KEY_NSHumanReadableCopyright = "";
				LD_RUNPATH_SEARCH_PATHS = (
					"$(inherited)",
					"@executable_path/Frameworks",
					"@executable_path/../../Frameworks",
				);
				MARKETING_VERSION = 1.0;
				PRODUCT_BUNDLE_IDENTIFIER = com.blacenova.sample.iOS15WidgetKit.HelloWidget;
				PRODUCT_NAME = "$(TARGET_NAME)";
				SKIP_INSTALL = YES;
				SWIFT_EMIT_LOC_STRINGS = YES;
				SWIFT_VERSION = 5.0;
				TARGETED_DEVICE_FAMILY = "1,2";
			};
			name = Debug;
		};
		FDE5EF66283E603C0014A6BA /* Release */ = {
			isa = XCBuildConfiguration;
			buildSettings = {
				ASSETCATALOG_COMPILER_GLOBAL_ACCENT_COLOR_NAME = AccentColor;
				ASSETCATALOG_COMPILER_WIDGET_BACKGROUND_COLOR_NAME = WidgetBackground;
				CODE_SIGN_STYLE = Automatic;
				CURRENT_PROJECT_VERSION = 1;
				DEVELOPMENT_TEAM = XP6V4T4UU6;
				GENERATE_INFOPLIST_FILE = YES;
				INFOPLIST_FILE = HelloWidget/Info.plist;
				INFOPLIST_KEY_CFBundleDisplayName = HelloWidget;
				INFOPLIST_KEY_NSHumanReadableCopyright = "";
				LD_RUNPATH_SEARCH_PATHS = (
					"$(inherited)",
					"@executable_path/Frameworks",
					"@executable_path/../../Frameworks",
				);
				MARKETING_VERSION = 1.0;
				PRODUCT_BUNDLE_IDENTIFIER = com.blacenova.sample.iOS15WidgetKit.HelloWidget;
				PRODUCT_NAME = "$(TARGET_NAME)";
				SKIP_INSTALL = YES;
				SWIFT_EMIT_LOC_STRINGS = YES;
				SWIFT_VERSION = 5.0;
				TARGETED_DEVICE_FAMILY = "1,2";
			};
			name = Release;
		};
/* End XCBuildConfiguration section */

/* Begin XCConfigurationList section */
		FD3E974D283D0E410071FC05 /* Build configuration list for PBXProject "iOS15WidgetKit" */ = {
			isa = XCConfigurationList;
			buildConfigurations = (
				FD3E975E283D0E440071FC05 /* Debug */,
				FD3E975F283D0E440071FC05 /* Release */,
			);
			defaultConfigurationIsVisible = 0;
			defaultConfigurationName = Release;
		};
		FD3E9760283D0E440071FC05 /* Build configuration list for PBXNativeTarget "iOS15WidgetKit" */ = {
			isa = XCConfigurationList;
			buildConfigurations = (
				FD3E9761283D0E440071FC05 /* Debug */,
				FD3E9762283D0E440071FC05 /* Release */,
			);
			defaultConfigurationIsVisible = 0;
			defaultConfigurationName = Release;
		};
		FDE5EF67283E603C0014A6BA /* Build configuration list for PBXNativeTarget "HelloWidgetExtension" */ = {
			isa = XCConfigurationList;
			buildConfigurations = (
				FDE5EF65283E603C0014A6BA /* Debug */,
				FDE5EF66283E603C0014A6BA /* Release */,
			);
			defaultConfigurationIsVisible = 0;
			defaultConfigurationName = Release;
		};
/* End XCConfigurationList section */
	};
	rootObject = FD3E974A283D0E410071FC05 /* Project object */;
}
